
Microsoft Visual Studio Solution File, Format Version 12.00
# Visual Studio Version 17
VisualStudioVersion = 17.3.32901.215
MinimumVisualStudioVersion = 10.0.40219.1
Project("{FAE04EC0-301F-11D3-BF4B-00C04F79EFBC}") = "Biblioteca", "BibliotecaJueguitoMVP\Biblioteca.csproj", "{2DB8322B-8359-43BC-BA39-10FFA2C735D5}"
EndProject
Project("{FAE04EC0-301F-11D3-BF4B-00C04F79EFBC}") = "Vista", "Vista\Vista.csproj", "{D4DFF3FE-8773-49B2-A1A9-9835317B0A3E}"
EndProject
Global
	GlobalSection(SolutionConfigurationPlatforms) = preSolution
		Debug|Any CPU = Debug|Any CPU
		Release|Any CPU = Release|Any CPU
	EndGlobalSection
	GlobalSection(ProjectConfigurationPlatforms) = postSolution
		{2DB8322B-8359-43BC-BA39-10FFA2C735D5}.Debug|Any CPU.ActiveCfg = Debug|Any CPU
		{2DB8322B-8359-43BC-BA39-10FFA2C735D5}.Debug|Any CPU.Build.0 = Debug|Any CPU
		{2DB8322B-8359-43BC-BA39-10FFA2C735D5}.Release|Any CPU.ActiveCfg = Release|Any CPU
		{2DB8322B-8359-43BC-BA39-10FFA2C735D5}.Release|Any CPU.Build.0 = Release|Any CPU
		{D4DFF3FE-8773-49B2-A1A9-9835317B0A3E}.Debug|Any CPU.ActiveCfg = Debug|Any CPU
		{D4DFF3FE-8773-49B2-A1A9-9835317B0A3E}.Debug|Any CPU.Build.0 = Debug|Any CPU
		{D4DFF3FE-8773-49B2-A1A9-9835317B0A3E}.Release|Any CPU.ActiveCfg = Release|Any CPU
		{D4DFF3FE-8773-49B2-A1A9-9835317B0A3E}.Release|Any CPU.Build.0 = Release|Any CPU
	EndGlobalSection
	GlobalSection(SolutionProperties) = preSolution
		HideSolutionNode = FALSE
	EndGlobalSection
	GlobalSection(ExtensibilityGlobals) = postSolution
		SolutionGuid = {4123F034-466F-4ABC-AF32-9C3CF9DDF824}
	EndGlobalSection
EndGlobal
